
Microsoft Visual Studio Solution File, Format Version 12.00
# Visual Studio Version 17
VisualStudioVersion = 17.10.35013.160
MinimumVisualStudioVersion = 10.0.40219.1
Project("{FAE04EC0-301F-11D3-BF4B-00C04F79EFBC}") = "rpgharc", "rpgharc.csproj", "{4AC18937-E622-4DC6-8B87-99749FF7757E}"
EndProject
Global
	GlobalSection(SolutionConfigurationPlatforms) = preSolution
		Debug|Any CPU = Debug|Any CPU
		Release|Any CPU = Release|Any CPU
	EndGlobalSection
	GlobalSection(ProjectConfigurationPlatforms) = postSolution
		{4AC18937-E622-4DC6-8B87-99749FF7757E}.Debug|Any CPU.ActiveCfg = Debug|Any CPU
		{4AC18937-E622-4DC6-8B87-99749FF7757E}.Debug|Any CPU.Build.0 = Debug|Any CPU
		{4AC18937-E622-4DC6-8B87-99749FF7757E}.Release|Any CPU.ActiveCfg = Release|Any CPU
		{4AC18937-E622-4DC6-8B87-99749FF7757E}.Release|Any CPU.Build.0 = Release|Any CPU
	EndGlobalSection
	GlobalSection(SolutionProperties) = preSolution
		HideSolutionNode = FALSE
	EndGlobalSection
	GlobalSection(ExtensibilityGlobals) = postSolution
		SolutionGuid = {BDF98DF3-2F0C-4076-AFF9-1A1D34B79058}
	EndGlobalSection
EndGlobal
